
Microsoft Visual Studio Solution File, Format Version 12.00
# Visual Studio Version 17
VisualStudioVersion = 17.2.32516.85
MinimumVisualStudioVersion = 10.0.40219.1
Project("{FAE04EC0-301F-11D3-BF4B-00C04F79EFBC}") = "ConsoleFileCopy1", "ConsoleFileCopy1.csproj", "{AB2CC143-24D6-4D34-B9A5-29EFE16BDFB1}"
EndProject
Global
	GlobalSection(SolutionConfigurationPlatforms) = preSolution
		Debug|Any CPU = Debug|Any CPU
		Release|Any CPU = Release|Any CPU
	EndGlobalSection
	GlobalSection(ProjectConfigurationPlatforms) = postSolution
		{AB2CC143-24D6-4D34-B9A5-29EFE16BDFB1}.Debug|Any CPU.ActiveCfg = Debug|Any CPU
		{AB2CC143-24D6-4D34-B9A5-29EFE16BDFB1}.Debug|Any CPU.Build.0 = Debug|Any CPU
		{AB2CC143-24D6-4D34-B9A5-29EFE16BDFB1}.Release|Any CPU.ActiveCfg = Release|Any CPU
		{AB2CC143-24D6-4D34-B9A5-29EFE16BDFB1}.Release|Any CPU.Build.0 = Release|Any CPU
	EndGlobalSection
	GlobalSection(SolutionProperties) = preSolution
		HideSolutionNode = FALSE
	EndGlobalSection
	GlobalSection(ExtensibilityGlobals) = postSolution
		SolutionGuid = {BC643430-EF86-453D-BE6A-8DC0E3DC16AC}
	EndGlobalSection
EndGlobal
